
Microsoft Visual Studio Solution File, Format Version 12.00
# Visual Studio 15
VisualStudioVersion = 15.0.28307.271
MinimumVisualStudioVersion = 10.0.40219.1
Project("{FAE04EC0-301F-11D3-BF4B-00C04F79EFBC}") = "PassOver1704_Q2", "PassOver1704_Q2\PassOver1704_Q2.csproj", "{D11450D1-1C75-46FA-9F2B-DCF794ACA6A3}"
EndProject
Global
	GlobalSection(SolutionConfigurationPlatforms) = preSolution
		Debug|Any CPU = Debug|Any CPU
		Release|Any CPU = Release|Any CPU
	EndGlobalSection
	GlobalSection(ProjectConfigurationPlatforms) = postSolution
		{D11450D1-1C75-46FA-9F2B-DCF794ACA6A3}.Debug|Any CPU.ActiveCfg = Debug|Any CPU
		{D11450D1-1C75-46FA-9F2B-DCF794ACA6A3}.Debug|Any CPU.Build.0 = Debug|Any CPU
		{D11450D1-1C75-46FA-9F2B-DCF794ACA6A3}.Release|Any CPU.ActiveCfg = Release|Any CPU
		{D11450D1-1C75-46FA-9F2B-DCF794ACA6A3}.Release|Any CPU.Build.0 = Release|Any CPU
	EndGlobalSection
	GlobalSection(SolutionProperties) = preSolution
		HideSolutionNode = FALSE
	EndGlobalSection
	GlobalSection(ExtensibilityGlobals) = postSolution
		SolutionGuid = {866EE2D2-3869-495F-BAFF-DB7A735731C2}
	EndGlobalSection
EndGlobal
